
Microsoft Visual Studio Solution File, Format Version 12.00
# Visual Studio Version 17
VisualStudioVersion = 17.4.33213.308
MinimumVisualStudioVersion = 10.0.40219.1
Project("{9A19103F-16F7-4668-BE54-9A1E7A4F7556}") = "KartStats", "KartStats\KartStats.csproj", "{66C6BC6E-5CF3-4FE8-B025-F1B053C301A6}"
EndProject
Project("{9A19103F-16F7-4668-BE54-9A1E7A4F7556}") = "KartStats.Models", "KartStats.Models\KartStats.Models.csproj", "{26021FD6-5B0B-4051-B8A4-0377C3ABFC0E}"
EndProject
Project("{9A19103F-16F7-4668-BE54-9A1E7A4F7556}") = "KartStats.DAL", "KartStats.DAL\KartStats.DAL.csproj", "{92414FA8-E8AC-45E5-8B02-4A7DEA825BDE}"
EndProject
Project("{FAE04EC0-301F-11D3-BF4B-00C04F79EFBC}") = "KartStats.BLL", "KartStats.BLL\KartStats.BLL.csproj", "{121C52BA-19DE-4BF3-AB0D-3640C87D0E9D}"
EndProject
Global
	GlobalSection(SolutionConfigurationPlatforms) = preSolution
		Debug|Any CPU = Debug|Any CPU
		Release|Any CPU = Release|Any CPU
	EndGlobalSection
	GlobalSection(ProjectConfigurationPlatforms) = postSolution
		{66C6BC6E-5CF3-4FE8-B025-F1B053C301A6}.Debug|Any CPU.ActiveCfg = Debug|Any CPU
		{66C6BC6E-5CF3-4FE8-B025-F1B053C301A6}.Debug|Any CPU.Build.0 = Debug|Any CPU
		{66C6BC6E-5CF3-4FE8-B025-F1B053C301A6}.Release|Any CPU.ActiveCfg = Release|Any CPU
		{66C6BC6E-5CF3-4FE8-B025-F1B053C301A6}.Release|Any CPU.Build.0 = Release|Any CPU
		{26021FD6-5B0B-4051-B8A4-0377C3ABFC0E}.Debug|Any CPU.ActiveCfg = Debug|Any CPU
		{26021FD6-5B0B-4051-B8A4-0377C3ABFC0E}.Debug|Any CPU.Build.0 = Debug|Any CPU
		{26021FD6-5B0B-4051-B8A4-0377C3ABFC0E}.Release|Any CPU.ActiveCfg = Release|Any CPU
		{26021FD6-5B0B-4051-B8A4-0377C3ABFC0E}.Release|Any CPU.Build.0 = Release|Any CPU
		{92414FA8-E8AC-45E5-8B02-4A7DEA825BDE}.Debug|Any CPU.ActiveCfg = Debug|Any CPU
		{92414FA8-E8AC-45E5-8B02-4A7DEA825BDE}.Debug|Any CPU.Build.0 = Debug|Any CPU
		{92414FA8-E8AC-45E5-8B02-4A7DEA825BDE}.Release|Any CPU.ActiveCfg = Release|Any CPU
		{92414FA8-E8AC-45E5-8B02-4A7DEA825BDE}.Release|Any CPU.Build.0 = Release|Any CPU
		{121C52BA-19DE-4BF3-AB0D-3640C87D0E9D}.Debug|Any CPU.ActiveCfg = Debug|Any CPU
		{121C52BA-19DE-4BF3-AB0D-3640C87D0E9D}.Debug|Any CPU.Build.0 = Debug|Any CPU
		{121C52BA-19DE-4BF3-AB0D-3640C87D0E9D}.Release|Any CPU.ActiveCfg = Release|Any CPU
		{121C52BA-19DE-4BF3-AB0D-3640C87D0E9D}.Release|Any CPU.Build.0 = Release|Any CPU
	EndGlobalSection
	GlobalSection(SolutionProperties) = preSolution
		HideSolutionNode = FALSE
	EndGlobalSection
	GlobalSection(ExtensibilityGlobals) = postSolution
		SolutionGuid = {07BB2B44-EDB3-4891-BB7C-0B514EB8096E}
	EndGlobalSection
EndGlobal
